// !$*UTF8*$!
{
	archiveVersion = 1;
	classes = {
	};
	objectVersion = 46;
	objects = {

/* Begin PBXBuildFile section */
		A542089A1D11F1DE009D4FDC /* AppDelegate.swift in Sources */ = {isa = PBXBuildFile; fileRef = A54208991D11F1DE009D4FDC /* AppDelegate.swift */; };
		A542089C1D11F1DE009D4FDC /* ViewController.swift in Sources */ = {isa = PBXBuildFile; fileRef = A542089B1D11F1DE009D4FDC /* ViewController.swift */; };
		A542089F1D11F1DE009D4FDC /* Main.storyboard in Resources */ = {isa = PBXBuildFile; fileRef = A542089D1D11F1DE009D4FDC /* Main.storyboard */; };
		A54208A11D11F1DE009D4FDC /* Assets.xcassets in Resources */ = {isa = PBXBuildFile; fileRef = A54208A01D11F1DE009D4FDC /* Assets.xcassets */; };
		A54208A41D11F1DE009D4FDC /* LaunchScreen.storyboard in Resources */ = {isa = PBXBuildFile; fileRef = A54208A21D11F1DE009D4FDC /* LaunchScreen.storyboard */; };
/* End PBXBuildFile section */

/* Begin PBXFileReference section */
		A54208961D11F1DE009D4FDC /* Flix.app */ = {isa = PBXFileReference; explicitFileType = wrapper.application; includeInIndex = 0; path = Flix.app; sourceTree = BUILT_PRODUCTS_DIR; };
		A54208991D11F1DE009D4FDC /* AppDelegate.swift */ = {isa = PBXFileReference; lastKnownFileType = sourcecode.swift; path = AppDelegate.swift; sourceTree = "<group>"; };
		A542089B1D11F1DE009D4FDC /* ViewController.swift */ = {isa = PBXFileReference; lastKnownFileType = sourcecode.swift; path = ViewController.swift; sourceTree = "<group>"; };
		A542089E1D11F1DE009D4FDC /* Base */ = {isa = PBXFileReference; lastKnownFileType = file.storyboard; name = Base; path = Base.lproj/Main.storyboard; sourceTree = "<group>"; };
		A54208A01D11F1DE009D4FDC /* Assets.xcassets */ = {isa = PBXFileReference; lastKnownFileType = folder.assetcatalog; path = Assets.xcassets; sourceTree = "<group>"; };
		A54208A31D11F1DE009D4FDC /* Base */ = {isa = PBXFileReference; lastKnownFileType = file.storyboard; name = Base; path = Base.lproj/LaunchScreen.storyboard; sourceTree = "<group>"; };
		A54208A51D11F1DE009D4FDC /* Info.plist */ = {isa = PBXFileReference; lastKnownFileType = text.plist.xml; path = Info.plist; sourceTree = "<group>"; };
/* End PBXFileReference section */

/* Begin PBXFrameworksBuildPhase section */
		A54208931D11F1DE009D4FDC /* Frameworks */ = {
			isa = PBXFrameworksBuildPhase;
			buildActionMask = 2147483647;
			files = (
			);
			runOnlyForDeploymentPostprocessing = 0;
		};
/* End PBXFrameworksBuildPhase section */

/* Begin PBXGroup section */
		A542088D1D11F1DE009D4FDC = {
			isa = PBXGroup;
			children = (
				A54208981D11F1DE009D4FDC /* Flix */,
				A54208971D11F1DE009D4FDC /* Products */,
			);
			sourceTree = "<group>";
		};
		A54208971D11F1DE009D4FDC /* Products */ = {
			isa = PBXGroup;
			children = (
				A54208961D11F1DE009D4FDC /* Flix.app */,
			);
			name = Products;
			sourceTree = "<group>";
		};
		A54208981D11F1DE009D4FDC /* Flix */ = {
			isa = PBXGroup;
			children = (
				A54208991D11F1DE009D4FDC /* AppDelegate.swift */,
				A542089B1D11F1DE009D4FDC /* ViewController.swift */,
				A542089D1D11F1DE009D4FDC /* Main.storyboard */,
				A54208A01D11F1DE009D4FDC /* Assets.xcassets */,
				A54208A21D11F1DE009D4FDC /* LaunchScreen.storyboard */,
				A54208A51D11F1DE009D4FDC /* Info.plist */,
			);
			path = Flix;
			sourceTree = "<group>";
		};
/* End PBXGroup section */

/* Begin PBXNativeTarget section */
		A54208951D11F1DE009D4FDC /* Flix */ = {
			isa = PBXNativeTarget;
			buildConfigurationList = A54208A81D11F1DE009D4FDC /* Build configuration list for PBXNativeTarget "Flix" */;
			buildPhases = (
				A54208921D11F1DE009D4FDC /* Sources */,
				A54208931D11F1DE009D4FDC /* Frameworks */,
				A54208941D11F1DE009D4FDC /* Resources */,
			);
			buildRules = (
			);
			dependencies = (
			);
			name = Flix;
			productName = Flix;
			productReference = A54208961D11F1DE009D4FDC /* Flix.app */;
			productType = "com.apple.product-type.application";
		};
/* End PBXNativeTarget section */

/* Begin PBXProject section */
		A542088E1D11F1DE009D4FDC /* Project object */ = {
			isa = PBXProject;
			attributes = {
				LastSwiftUpdateCheck = 0730;
				LastUpgradeCheck = 0730;
				ORGANIZATIONNAME = "Abha Vedula";
				TargetAttributes = {
					A54208951D11F1DE009D4FDC = {
						CreatedOnToolsVersion = 7.3.1;
					};
				};
			};
			buildConfigurationList = A54208911D11F1DE009D4FDC /* Build configuration list for PBXProject "Flix" */;
			compatibilityVersion = "Xcode 3.2";
			developmentRegion = English;
			hasScannedForEncodings = 0;
			knownRegions = (
				en,
				Base,
			);
			mainGroup = A542088D1D11F1DE009D4FDC;
			productRefGroup = A54208971D11F1DE009D4FDC /* Products */;
			projectDirPath = "";
			projectRoot = "";
			targets = (
				A54208951D11F1DE009D4FDC /* Flix */,
			);
		};
/* End PBXProject section */

/* Begin PBXResourcesBuildPhase section */
		A54208941D11F1DE009D4FDC /* Resources */ = {
			isa = PBXResourcesBuildPhase;
			buildActionMask = 2147483647;
			files = (
				A54208A41D11F1DE009D4FDC /* LaunchScreen.storyboard in Resources */,
				A54208A11D11F1DE009D4FDC /* Assets.xcassets in Resources */,
				A542089F1D11F1DE009D4FDC /* Main.storyboard in Resources */,
			);
			runOnlyForDeploymentPostprocessing = 0;
		};
/* End PBXResourcesBuildPhase section */

/* Begin PBXSourcesBuildPhase section */
		A54208921D11F1DE009D4FDC /* Sources */ = {
			isa = PBXSourcesBuildPhase;
			buildActionMask = 2147483647;
			files = (
				A542089C1D11F1DE009D4FDC /* ViewController.swift in Sources */,
				A542089A1D11F1DE009D4FDC /* AppDelegate.swift in Sources */,
			);
			runOnlyForDeploymentPostprocessing = 0;
		};
/* End PBXSourcesBuildPhase section */

/* Begin PBXVariantGroup section */
		A542089D1D11F1DE009D4FDC /* Main.storyboard */ = {
			isa = PBXVariantGroup;
			children = (
				A542089E1D11F1DE009D4FDC /* Base */,
			);
			name = Main.storyboard;
			sourceTree = "<group>";
		};
		A54208A21D11F1DE009D4FDC /* LaunchScreen.storyboard */ = {
			isa = PBXVariantGroup;
			children = (
				A54208A31D11F1DE009D4FDC /* Base */,
			);
			name = LaunchScreen.storyboard;
			sourceTree = "<group>";
		};
/* End PBXVariantGroup section */

/* Begin XCBuildConfiguration section */
		A54208A61D11F1DE009D4FDC /* Debug */ = {
			isa = XCBuildConfiguration;
			buildSettings = {
				ALWAYS_SEARCH_USER_PATHS = NO;
				CLANG_ANALYZER_NONNULL = YES;
				CLANG_CXX_LANGUAGE_STANDARD = "gnu++0x";
				CLANG_CXX_LIBRARY = "libc++";
				CLANG_ENABLE_MODULES = YES;
				CLANG_ENABLE_OBJC_ARC = YES;
				CLANG_WARN_BOOL_CONVERSION = YES;
				CLANG_WARN_CONSTANT_CONVERSION = YES;
				CLANG_WARN_DIRECT_OBJC_ISA_USAGE = YES_ERROR;
				CLANG_WARN_EMPTY_BODY = YES;
				CLANG_WARN_ENUM_CONVERSION = YES;
				CLANG_WARN_INT_CONVERSION = YES;
				CLANG_WARN_OBJC_ROOT_CLASS = YES_ERROR;
				CLANG_WARN_UNREACHABLE_CODE = YES;
				CLANG_WARN__DUPLICATE_METHOD_MATCH = YES;
				"CODE_SIGN_IDENTITY[sdk=iphoneos*]" = "iPhone Developer";
				COPY_PHASE_STRIP = NO;
				DEBUG_INFORMATION_FORMAT = dwarf;
				ENABLE_STRICT_OBJC_MSGSEND = YES;
				ENABLE_TESTABILITY = YES;
				GCC_C_LANGUAGE_STANDARD = gnu99;
				GCC_DYNAMIC_NO_PIC = NO;
				GCC_NO_COMMON_BLOCKS = YES;
				GCC_OPTIMIZATION_LEVEL = 0;
				GCC_PREPROCESSOR_DEFINITIONS = (
					"DEBUG=1",
					"$(inherited)",
				);
				GCC_WARN_64_TO_32_BIT_CONVERSION = YES;
				GCC_WARN_ABOUT_RETURN_TYPE = YES_ERROR;
				GCC_WARN_UNDECLARED_SELECTOR = YES;
				GCC_WARN_UNINITIALIZED_AUTOS = YES_AGGRESSIVE;
				GCC_WARN_UNUSED_FUNCTION = YES;
				GCC_WARN_UNUSED_VARIABLE = YES;
				IPHONEOS_DEPLOYMENT_TARGET = 9.3;
				MTL_ENABLE_DEBUG_INFO = YES;
				ONLY_ACTIVE_ARCH = YES;
				SDKROOT = iphoneos;
				SWIFT_OPTIMIZATION_LEVEL = "-Onone";
			};
			name = Debug;
		};
		A54208A71D11F1DE009D4FDC /* Release */ = {
			isa = XCBuildConfiguration;
			buildSettings = {
				ALWAYS_SEARCH_USER_PATHS = NO;
				CLANG_ANALYZER_NONNULL = YES;
				CLANG_CXX_LANGUAGE_STANDARD = "gnu++0x";
				CLANG_CXX_LIBRARY = "libc++";
				CLANG_ENABLE_MODULES = YES;
				CLANG_ENABLE_OBJC_ARC = YES;
				CLANG_WARN_BOOL_CONVERSION = YES;
				CLANG_WARN_CONSTANT_CONVERSION = YES;
				CLANG_WARN_DIRECT_OBJC_ISA_USAGE = YES_ERROR;
				CLANG_WARN_EMPTY_BODY = YES;
				CLANG_WARN_ENUM_CONVERSION = YES;
				CLANG_WARN_INT_CONVERSION = YES;
				CLANG_WARN_OBJC_ROOT_CLASS = YES_ERROR;
				CLANG_WARN_UNREACHABLE_CODE = YES;
				CLANG_WARN__DUPLICATE_METHOD_MATCH = YES;
				"CODE_SIGN_IDENTITY[sdk=iphoneos*]" = "iPhone Developer";
				COPY_PHASE_STRIP = NO;
				DEBUG_INFORMATION_FORMAT = "dwarf-with-dsym";
				ENABLE_NS_ASSERTIONS = NO;
				ENABLE_STRICT_OBJC_MSGSEND = YES;
				GCC_C_LANGUAGE_STANDARD = gnu99;
				GCC_NO_COMMON_BLOCKS = YES;
				GCC_WARN_64_TO_32_BIT_CONVERSION = YES;
				GCC_WARN_ABOUT_RETURN_TYPE = YES_ERROR;
				GCC_WARN_UNDECLARED_SELECTOR = YES;
				GCC_WARN_UNINITIALIZED_AUTOS = YES_AGGRESSIVE;
				GCC_WARN_UNUSED_FUNCTION = YES;
				GCC_WARN_UNUSED_VARIABLE = YES;
				IPHONEOS_DEPLOYMENT_TARGET = 9.3;
				MTL_ENABLE_DEBUG_INFO = NO;
				SDKROOT = iphoneos;
				VALIDATE_PRODUCT = YES;
			};
			name = Release;
		};
		A54208A91D11F1DE009D4FDC /* Debug */ = {
			isa = XCBuildConfiguration;
			buildSettings = {
				ASSETCATALOG_COMPILER_APPICON_NAME = AppIcon;
				INFOPLIST_FILE = Flix/Info.plist;
				LD_RUNPATH_SEARCH_PATHS = "$(inherited) @executable_path/Frameworks";
				PRODUCT_BUNDLE_IDENTIFIER = FBU.Flix;
				PRODUCT_NAME = "$(TARGET_NAME)";
			};
			name = Debug;
		};
		A54208AA1D11F1DE009D4FDC /* Release */ = {
			isa = XCBuildConfiguration;
			buildSettings = {
				ASSETCATALOG_COMPILER_APPICON_NAME = AppIcon;
				INFOPLIST_FILE = Flix/Info.plist;
				LD_RUNPATH_SEARCH_PATHS = "$(inherited) @executable_path/Frameworks";
				PRODUCT_BUNDLE_IDENTIFIER = FBU.Flix;
				PRODUCT_NAME = "$(TARGET_NAME)";
			};
			name = Release;
		};
/* End XCBuildConfiguration section */

/* Begin XCConfigurationList section */
		A54208911D11F1DE009D4FDC /* Build configuration list for PBXProject "Flix" */ = {
			isa = XCConfigurationList;
			buildConfigurations = (
				A54208A61D11F1DE009D4FDC /* Debug */,
				A54208A71D11F1DE009D4FDC /* Release */,
			);
			defaultConfigurationIsVisible = 0;
			defaultConfigurationName = Release;
		};
		A54208A81D11F1DE009D4FDC /* Build configuration list for PBXNativeTarget "Flix" */ = {
			isa = XCConfigurationList;
			buildConfigurations = (
				A54208A91D11F1DE009D4FDC /* Debug */,
				A54208AA1D11F1DE009D4FDC /* Release */,
			);
			defaultConfigurationIsVisible = 0;
		};
/* End XCConfigurationList section */
	};
	rootObject = A542088E1D11F1DE009D4FDC /* Project object */;
}
